
Microsoft Visual Studio Solution File, Format Version 12.00
# Visual Studio Version 16
VisualStudioVersion = 16.0.31205.134
MinimumVisualStudioVersion = 10.0.40219.1
Project("{9A19103F-16F7-4668-BE54-9A1E7A4F7556}") = "samplewebapp", "samplewebapp.csproj", "{3A12096F-69BE-4EDA-8218-4515428EF940}"
EndProject
Global
	GlobalSection(SolutionConfigurationPlatforms) = preSolution
		Debug|Any CPU = Debug|Any CPU
		Release|Any CPU = Release|Any CPU
	EndGlobalSection
	GlobalSection(ProjectConfigurationPlatforms) = postSolution
		{3A12096F-69BE-4EDA-8218-4515428EF940}.Debug|Any CPU.ActiveCfg = Debug|Any CPU
		{3A12096F-69BE-4EDA-8218-4515428EF940}.Debug|Any CPU.Build.0 = Debug|Any CPU
		{3A12096F-69BE-4EDA-8218-4515428EF940}.Release|Any CPU.ActiveCfg = Release|Any CPU
		{3A12096F-69BE-4EDA-8218-4515428EF940}.Release|Any CPU.Build.0 = Release|Any CPU
	EndGlobalSection
	GlobalSection(SolutionProperties) = preSolution
		HideSolutionNode = FALSE
	EndGlobalSection
	GlobalSection(ExtensibilityGlobals) = postSolution
		SolutionGuid = {192498C7-2D80-46E2-9D39-7DB084E52257}
	EndGlobalSection
EndGlobal
